
Microsoft Visual Studio Solution File, Format Version 12.00
# Visual Studio Version 17
VisualStudioVersion = 17.5.33414.496
MinimumVisualStudioVersion = 10.0.40219.1
Project("{FAE04EC0-301F-11D3-BF4B-00C04F79EFBC}") = "multi_threading6", "multi_threading6\multi_threading6.csproj", "{D49A8F4B-DB54-436C-8484-38AED51F7581}"
EndProject
Global
	GlobalSection(SolutionConfigurationPlatforms) = preSolution
		Debug|Any CPU = Debug|Any CPU
		Release|Any CPU = Release|Any CPU
	EndGlobalSection
	GlobalSection(ProjectConfigurationPlatforms) = postSolution
		{D49A8F4B-DB54-436C-8484-38AED51F7581}.Debug|Any CPU.ActiveCfg = Debug|Any CPU
		{D49A8F4B-DB54-436C-8484-38AED51F7581}.Debug|Any CPU.Build.0 = Debug|Any CPU
		{D49A8F4B-DB54-436C-8484-38AED51F7581}.Release|Any CPU.ActiveCfg = Release|Any CPU
		{D49A8F4B-DB54-436C-8484-38AED51F7581}.Release|Any CPU.Build.0 = Release|Any CPU
	EndGlobalSection
	GlobalSection(SolutionProperties) = preSolution
		HideSolutionNode = FALSE
	EndGlobalSection
	GlobalSection(ExtensibilityGlobals) = postSolution
		SolutionGuid = {49CB84AB-A065-43C0-A2A2-FD8669AF31EB}
	EndGlobalSection
EndGlobal
